
Microsoft Visual Studio Solution File, Format Version 12.00
# Visual Studio Version 17
VisualStudioVersion = 17.0.32112.339
MinimumVisualStudioVersion = 10.0.40219.1
Project("{FAE04EC0-301F-11D3-BF4B-00C04F79EFBC}") = "ORD_Code Bringer", "ORD_Code Bringer\ORD_Code Bringer.csproj", "{519BB457-65B4-49E6-9C0A-E0A79E8DFB4D}"
EndProject
Global
	GlobalSection(SolutionConfigurationPlatforms) = preSolution
		Debug|Any CPU = Debug|Any CPU
		Release|Any CPU = Release|Any CPU
	EndGlobalSection
	GlobalSection(ProjectConfigurationPlatforms) = postSolution
		{519BB457-65B4-49E6-9C0A-E0A79E8DFB4D}.Debug|Any CPU.ActiveCfg = Debug|Any CPU
		{519BB457-65B4-49E6-9C0A-E0A79E8DFB4D}.Debug|Any CPU.Build.0 = Debug|Any CPU
		{519BB457-65B4-49E6-9C0A-E0A79E8DFB4D}.Release|Any CPU.ActiveCfg = Release|Any CPU
		{519BB457-65B4-49E6-9C0A-E0A79E8DFB4D}.Release|Any CPU.Build.0 = Release|Any CPU
	EndGlobalSection
	GlobalSection(SolutionProperties) = preSolution
		HideSolutionNode = FALSE
	EndGlobalSection
	GlobalSection(ExtensibilityGlobals) = postSolution
		SolutionGuid = {ED3A90FD-A74D-4015-BADF-22A14279F760}
	EndGlobalSection
EndGlobal
